PODS:
  - Chatto (3.3.1)
  - ChattoAdditions (3.3.1):
    - Chatto

DEPENDENCIES:
  - Chatto (from `..`)
  - ChattoAdditions (from `..`)

EXTERNAL SOURCES:
  Chatto:
    :path: ".."
  ChattoAdditions:
    :path: ".."

SPEC CHECKSUMS:
  Chatto: c35ceb0813fbccd9c559f306ac9d9208f723f75b
  ChattoAdditions: 24f3bb7aad10437c400d12f4a428d7ed3e7a465e

PODFILE CHECKSUM: 6aa5b6fc65f02a36d3cfc742ca4535f39215bcf9

COCOAPODS: 1.5.0
